
Microsoft Visual Studio Solution File, Format Version 12.00
# Visual Studio Version 17
VisualStudioVersion = 17.0.32014.148
MinimumVisualStudioVersion = 10.0.40219.1
Project("{2150E333-8FDC-42A3-9474-1A3956D46DE8}") = "01 - Creational", "01 - Creational", "{FF1EE386-81E3-4A2E-B20A-79AC7442E613}"
EndProject
Project("{2150E333-8FDC-42A3-9474-1A3956D46DE8}") = "02 - Structural", "02 - Structural", "{DBC6E6DB-0FC8-4678-8C12-E8D15F37C13A}"
EndProject
Project("{2150E333-8FDC-42A3-9474-1A3956D46DE8}") = "03 - Behavioral", "03 - Behavioral", "{BA186A26-00F6-4A87-AB17-9AF30FFB53F9}"
EndProject
Project("{2150E333-8FDC-42A3-9474-1A3956D46DE8}") = "1.1 - AbstractFactory", "1.1 - AbstractFactory", "{FEE14EAF-436D-4CD9-885C-5A8FC34547A1}"
EndProject
Project("{9A19103F-16F7-4668-BE54-9A1E7A4F7556}") = "01-Sample", "01 - Creational\AbstractFactory\01-Sample\01-Sample.csproj", "{497C3353-9411-432B-B291-6B563B295D08}"
EndProject
Project("{9A19103F-16F7-4668-BE54-9A1E7A4F7556}") = "02-Sample", "01 - Creational\AbstractFactory\02-Sample\02-Sample.csproj", "{169CD613-37DF-41DE-B7A9-126E88D69C3E}"
EndProject
Project("{9A19103F-16F7-4668-BE54-9A1E7A4F7556}") = "03-Sample", "01 - Creational\AbstractFactory\03-Sample\03-Sample.csproj", "{A8C302F1-331B-4C06-8F82-4782BC033D60}"
EndProject
Project("{FAE04EC0-301F-11D3-BF4B-00C04F79EFBC}") = "01-Sample", "02 - Structural\01-Sample\01-Sample.csproj", "{96619606-DFE4-41E8-B408-0F64BA293013}"
EndProject
Global
	GlobalSection(SolutionConfigurationPlatforms) = preSolution
		Debug|Any CPU = Debug|Any CPU
		Release|Any CPU = Release|Any CPU
	EndGlobalSection
	GlobalSection(ProjectConfigurationPlatforms) = postSolution
		{497C3353-9411-432B-B291-6B563B295D08}.Debug|Any CPU.ActiveCfg = Debug|Any CPU
		{497C3353-9411-432B-B291-6B563B295D08}.Debug|Any CPU.Build.0 = Debug|Any CPU
		{497C3353-9411-432B-B291-6B563B295D08}.Release|Any CPU.ActiveCfg = Release|Any CPU
		{497C3353-9411-432B-B291-6B563B295D08}.Release|Any CPU.Build.0 = Release|Any CPU
		{169CD613-37DF-41DE-B7A9-126E88D69C3E}.Debug|Any CPU.ActiveCfg = Debug|Any CPU
		{169CD613-37DF-41DE-B7A9-126E88D69C3E}.Debug|Any CPU.Build.0 = Debug|Any CPU
		{169CD613-37DF-41DE-B7A9-126E88D69C3E}.Release|Any CPU.ActiveCfg = Release|Any CPU
		{169CD613-37DF-41DE-B7A9-126E88D69C3E}.Release|Any CPU.Build.0 = Release|Any CPU
		{A8C302F1-331B-4C06-8F82-4782BC033D60}.Debug|Any CPU.ActiveCfg = Debug|Any CPU
		{A8C302F1-331B-4C06-8F82-4782BC033D60}.Debug|Any CPU.Build.0 = Debug|Any CPU
		{A8C302F1-331B-4C06-8F82-4782BC033D60}.Release|Any CPU.ActiveCfg = Release|Any CPU
		{A8C302F1-331B-4C06-8F82-4782BC033D60}.Release|Any CPU.Build.0 = Release|Any CPU
		{96619606-DFE4-41E8-B408-0F64BA293013}.Debug|Any CPU.ActiveCfg = Debug|Any CPU
		{96619606-DFE4-41E8-B408-0F64BA293013}.Debug|Any CPU.Build.0 = Debug|Any CPU
		{96619606-DFE4-41E8-B408-0F64BA293013}.Release|Any CPU.ActiveCfg = Release|Any CPU
		{96619606-DFE4-41E8-B408-0F64BA293013}.Release|Any CPU.Build.0 = Release|Any CPU
	EndGlobalSection
	GlobalSection(SolutionProperties) = preSolution
		HideSolutionNode = FALSE
	EndGlobalSection
	GlobalSection(NestedProjects) = preSolution
		{FEE14EAF-436D-4CD9-885C-5A8FC34547A1} = {FF1EE386-81E3-4A2E-B20A-79AC7442E613}
		{497C3353-9411-432B-B291-6B563B295D08} = {FEE14EAF-436D-4CD9-885C-5A8FC34547A1}
		{169CD613-37DF-41DE-B7A9-126E88D69C3E} = {FEE14EAF-436D-4CD9-885C-5A8FC34547A1}
		{A8C302F1-331B-4C06-8F82-4782BC033D60} = {FEE14EAF-436D-4CD9-885C-5A8FC34547A1}
		{96619606-DFE4-41E8-B408-0F64BA293013} = {DBC6E6DB-0FC8-4678-8C12-E8D15F37C13A}
	EndGlobalSection
	GlobalSection(ExtensibilityGlobals) = postSolution
		SolutionGuid = {7E735CF7-35BD-4738-93D1-87AEA0C3D59F}
	EndGlobalSection
EndGlobal
