
Microsoft Visual Studio Solution File, Format Version 12.00
# Visual Studio Version 16
VisualStudioVersion = 16.0.32002.261
MinimumVisualStudioVersion = 10.0.40219.1
Project("{2150E333-8FDC-42A3-9474-1A3956D46DE8}") = "01 - Creational", "01 - Creational", "{FF1EE386-81E3-4A2E-B20A-79AC7442E613}"
EndProject
Project("{2150E333-8FDC-42A3-9474-1A3956D46DE8}") = "02 - Structural", "02 - Structural", "{DBC6E6DB-0FC8-4678-8C12-E8D15F37C13A}"
EndProject
Project("{2150E333-8FDC-42A3-9474-1A3956D46DE8}") = "03 - Behavioral", "03 - Behavioral", "{BA186A26-00F6-4A87-AB17-9AF30FFB53F9}"
EndProject
Project("{2150E333-8FDC-42A3-9474-1A3956D46DE8}") = "1.1 - AbstractFactory", "1.1 - AbstractFactory", "{FEE14EAF-436D-4CD9-885C-5A8FC34547A1}"
EndProject
Project("{2150E333-8FDC-42A3-9474-1A3956D46DE8}") = "2.1 - Adapter", "2.1 - Adapter", "{1DD47867-65AB-411E-A027-15BA8C5ACC51}"
EndProject
Project("{9A19103F-16F7-4668-BE54-9A1E7A4F7556}") = "01-Sample", "02 - Structural\2.1 - Adapter\01-Sample\01-Sample.csproj", "{271DDFF4-A040-44F0-816B-AFD206DA81E1}"
EndProject
Project("{9A19103F-16F7-4668-BE54-9A1E7A4F7556}") = "02 - Sample", "02 - Structural\2.1 - Adapter\02 - Sample\02 - Sample.csproj", "{E1F7ADB1-D3D0-4F24-8CAF-81E9B9BCD96D}"
EndProject
Project("{2150E333-8FDC-42A3-9474-1A3956D46DE8}") = "1.2 - FactorMethod", "1.2 - FactorMethod", "{EAEE7AB4-47F7-4392-B7A2-5B7FF391123B}"
EndProject
Project("{9A19103F-16F7-4668-BE54-9A1E7A4F7556}") = "01-Sample", "01 - Creational\1.1 - AbstractFactory\01-Sample\01-Sample.csproj", "{8F82EE49-0022-4AD7-988C-F1817137472E}"
EndProject
Project("{9A19103F-16F7-4668-BE54-9A1E7A4F7556}") = "02-Sample", "01 - Creational\1.1 - AbstractFactory\02-Sample\02-Sample.csproj", "{EEEF3008-A560-4104-89AA-EC8CFD663D24}"
EndProject
Project("{9A19103F-16F7-4668-BE54-9A1E7A4F7556}") = "03-Sample", "01 - Creational\1.1 - AbstractFactory\03-Sample\03-Sample.csproj", "{245214F1-AB3A-4478-ACA1-8663C39D4D0E}"
EndProject
Project("{FAE04EC0-301F-11D3-BF4B-00C04F79EFBC}") = "01 - Sample", "01 - Creational\1.2 - FactorMethod\01 - Sample\01 - Sample.csproj", "{BC9AD61D-D5B0-45AF-BAD5-1652AF53EFC1}"
EndProject
Project("{FAE04EC0-301F-11D3-BF4B-00C04F79EFBC}") = "02 - Sample", "01 - Creational\1.2 - FactorMethod\02 - Sample\02 - Sample.csproj", "{2AEBFB59-AC65-4A21-91C3-674C502A3D50}"
EndProject
Project("{2150E333-8FDC-42A3-9474-1A3956D46DE8}") = "1.3 - Singleton", "1.3 - Singleton", "{A490E34B-C883-4254-A1CA-BEE15A91EE8C}"
EndProject
Project("{FAE04EC0-301F-11D3-BF4B-00C04F79EFBC}") = "01 - Sample", "01 - Creational\1.3 - Singleton\01 - Sample\01 - Sample.csproj", "{0B2A03A2-1ECC-495F-A149-286BFA5F0F24}"
EndProject
Project("{2150E333-8FDC-42A3-9474-1A3956D46DE8}") = "3.1 - ChainOfResponsability", "3.1 - ChainOfResponsability", "{D9D98A13-245C-43FA-A6EA-32BF759762ED}"
EndProject
Project("{FAE04EC0-301F-11D3-BF4B-00C04F79EFBC}") = "01-Sample", "03 - Behavioral\3.1 - ChainOfResponsability\01-Sample\01-Sample.csproj", "{BA0FC7E4-1AF9-41D0-8A62-8AE91E4027D7}"
EndProject
Project("{FAE04EC0-301F-11D3-BF4B-00C04F79EFBC}") = "02-Sample", "03 - Behavioral\3.1 - ChainOfResponsability\02-Sample\02-Sample.csproj", "{BE4E1369-3E30-4F40-A9CA-6CCFB0A2D7AC}"
EndProject
Global
	GlobalSection(SolutionConfigurationPlatforms) = preSolution
		Debug|Any CPU = Debug|Any CPU
		Release|Any CPU = Release|Any CPU
	EndGlobalSection
	GlobalSection(ProjectConfigurationPlatforms) = postSolution
		{271DDFF4-A040-44F0-816B-AFD206DA81E1}.Debug|Any CPU.ActiveCfg = Debug|Any CPU
		{271DDFF4-A040-44F0-816B-AFD206DA81E1}.Debug|Any CPU.Build.0 = Debug|Any CPU
		{271DDFF4-A040-44F0-816B-AFD206DA81E1}.Release|Any CPU.ActiveCfg = Release|Any CPU
		{271DDFF4-A040-44F0-816B-AFD206DA81E1}.Release|Any CPU.Build.0 = Release|Any CPU
		{E1F7ADB1-D3D0-4F24-8CAF-81E9B9BCD96D}.Debug|Any CPU.ActiveCfg = Debug|Any CPU
		{E1F7ADB1-D3D0-4F24-8CAF-81E9B9BCD96D}.Debug|Any CPU.Build.0 = Debug|Any CPU
		{E1F7ADB1-D3D0-4F24-8CAF-81E9B9BCD96D}.Release|Any CPU.ActiveCfg = Release|Any CPU
		{E1F7ADB1-D3D0-4F24-8CAF-81E9B9BCD96D}.Release|Any CPU.Build.0 = Release|Any CPU
		{8F82EE49-0022-4AD7-988C-F1817137472E}.Debug|Any CPU.ActiveCfg = Debug|Any CPU
		{8F82EE49-0022-4AD7-988C-F1817137472E}.Debug|Any CPU.Build.0 = Debug|Any CPU
		{8F82EE49-0022-4AD7-988C-F1817137472E}.Release|Any CPU.ActiveCfg = Release|Any CPU
		{8F82EE49-0022-4AD7-988C-F1817137472E}.Release|Any CPU.Build.0 = Release|Any CPU
		{EEEF3008-A560-4104-89AA-EC8CFD663D24}.Debug|Any CPU.ActiveCfg = Debug|Any CPU
		{EEEF3008-A560-4104-89AA-EC8CFD663D24}.Debug|Any CPU.Build.0 = Debug|Any CPU
		{EEEF3008-A560-4104-89AA-EC8CFD663D24}.Release|Any CPU.ActiveCfg = Release|Any CPU
		{EEEF3008-A560-4104-89AA-EC8CFD663D24}.Release|Any CPU.Build.0 = Release|Any CPU
		{245214F1-AB3A-4478-ACA1-8663C39D4D0E}.Debug|Any CPU.ActiveCfg = Debug|Any CPU
		{245214F1-AB3A-4478-ACA1-8663C39D4D0E}.Debug|Any CPU.Build.0 = Debug|Any CPU
		{245214F1-AB3A-4478-ACA1-8663C39D4D0E}.Release|Any CPU.ActiveCfg = Release|Any CPU
		{245214F1-AB3A-4478-ACA1-8663C39D4D0E}.Release|Any CPU.Build.0 = Release|Any CPU
		{BC9AD61D-D5B0-45AF-BAD5-1652AF53EFC1}.Debug|Any CPU.ActiveCfg = Debug|Any CPU
		{BC9AD61D-D5B0-45AF-BAD5-1652AF53EFC1}.Debug|Any CPU.Build.0 = Debug|Any CPU
		{BC9AD61D-D5B0-45AF-BAD5-1652AF53EFC1}.Release|Any CPU.ActiveCfg = Release|Any CPU
		{BC9AD61D-D5B0-45AF-BAD5-1652AF53EFC1}.Release|Any CPU.Build.0 = Release|Any CPU
		{2AEBFB59-AC65-4A21-91C3-674C502A3D50}.Debug|Any CPU.ActiveCfg = Debug|Any CPU
		{2AEBFB59-AC65-4A21-91C3-674C502A3D50}.Debug|Any CPU.Build.0 = Debug|Any CPU
		{2AEBFB59-AC65-4A21-91C3-674C502A3D50}.Release|Any CPU.ActiveCfg = Release|Any CPU
		{2AEBFB59-AC65-4A21-91C3-674C502A3D50}.Release|Any CPU.Build.0 = Release|Any CPU
		{0B2A03A2-1ECC-495F-A149-286BFA5F0F24}.Debug|Any CPU.ActiveCfg = Debug|Any CPU
		{0B2A03A2-1ECC-495F-A149-286BFA5F0F24}.Debug|Any CPU.Build.0 = Debug|Any CPU
		{0B2A03A2-1ECC-495F-A149-286BFA5F0F24}.Release|Any CPU.ActiveCfg = Release|Any CPU
		{0B2A03A2-1ECC-495F-A149-286BFA5F0F24}.Release|Any CPU.Build.0 = Release|Any CPU
		{BA0FC7E4-1AF9-41D0-8A62-8AE91E4027D7}.Debug|Any CPU.ActiveCfg = Debug|Any CPU
		{BA0FC7E4-1AF9-41D0-8A62-8AE91E4027D7}.Debug|Any CPU.Build.0 = Debug|Any CPU
		{BA0FC7E4-1AF9-41D0-8A62-8AE91E4027D7}.Release|Any CPU.ActiveCfg = Release|Any CPU
		{BA0FC7E4-1AF9-41D0-8A62-8AE91E4027D7}.Release|Any CPU.Build.0 = Release|Any CPU
		{BE4E1369-3E30-4F40-A9CA-6CCFB0A2D7AC}.Debug|Any CPU.ActiveCfg = Debug|Any CPU
		{BE4E1369-3E30-4F40-A9CA-6CCFB0A2D7AC}.Debug|Any CPU.Build.0 = Debug|Any CPU
		{BE4E1369-3E30-4F40-A9CA-6CCFB0A2D7AC}.Release|Any CPU.ActiveCfg = Release|Any CPU
		{BE4E1369-3E30-4F40-A9CA-6CCFB0A2D7AC}.Release|Any CPU.Build.0 = Release|Any CPU
	EndGlobalSection
	GlobalSection(SolutionProperties) = preSolution
		HideSolutionNode = FALSE
	EndGlobalSection
	GlobalSection(NestedProjects) = preSolution
		{FEE14EAF-436D-4CD9-885C-5A8FC34547A1} = {FF1EE386-81E3-4A2E-B20A-79AC7442E613}
		{1DD47867-65AB-411E-A027-15BA8C5ACC51} = {DBC6E6DB-0FC8-4678-8C12-E8D15F37C13A}
		{271DDFF4-A040-44F0-816B-AFD206DA81E1} = {1DD47867-65AB-411E-A027-15BA8C5ACC51}
		{E1F7ADB1-D3D0-4F24-8CAF-81E9B9BCD96D} = {1DD47867-65AB-411E-A027-15BA8C5ACC51}
		{EAEE7AB4-47F7-4392-B7A2-5B7FF391123B} = {FF1EE386-81E3-4A2E-B20A-79AC7442E613}
		{8F82EE49-0022-4AD7-988C-F1817137472E} = {FEE14EAF-436D-4CD9-885C-5A8FC34547A1}
		{EEEF3008-A560-4104-89AA-EC8CFD663D24} = {FEE14EAF-436D-4CD9-885C-5A8FC34547A1}
		{245214F1-AB3A-4478-ACA1-8663C39D4D0E} = {FEE14EAF-436D-4CD9-885C-5A8FC34547A1}
		{BC9AD61D-D5B0-45AF-BAD5-1652AF53EFC1} = {EAEE7AB4-47F7-4392-B7A2-5B7FF391123B}
		{2AEBFB59-AC65-4A21-91C3-674C502A3D50} = {EAEE7AB4-47F7-4392-B7A2-5B7FF391123B}
		{A490E34B-C883-4254-A1CA-BEE15A91EE8C} = {FF1EE386-81E3-4A2E-B20A-79AC7442E613}
		{0B2A03A2-1ECC-495F-A149-286BFA5F0F24} = {A490E34B-C883-4254-A1CA-BEE15A91EE8C}
		{D9D98A13-245C-43FA-A6EA-32BF759762ED} = {BA186A26-00F6-4A87-AB17-9AF30FFB53F9}
		{BA0FC7E4-1AF9-41D0-8A62-8AE91E4027D7} = {D9D98A13-245C-43FA-A6EA-32BF759762ED}
		{BE4E1369-3E30-4F40-A9CA-6CCFB0A2D7AC} = {D9D98A13-245C-43FA-A6EA-32BF759762ED}
	EndGlobalSection
	GlobalSection(ExtensibilityGlobals) = postSolution
		SolutionGuid = {7E735CF7-35BD-4738-93D1-87AEA0C3D59F}
	EndGlobalSection
EndGlobal
